{
    "_meta": {
        "hash": {
            "sha256": "71fa6072e7e3f0aa48eb29238957fd0b23469bb15f8fe05fb787982bc55ea41d"
        },
        "pipfile-spec": 6,
        "requires": {
            "python_version": "3.7"
        },
        "sources": [
            {
                "name": "pypi",
                "url": "https://pypi.org/simple",
                "verify_ssl": true
            }
        ]
    },
    "default": {
        "bottle": {
            "hashes": [
                "sha256:fe0a24b59385596d02df7ae7845fe7d7135eea73799d03348aeb9f3771500051"
            ],
            "index": "pypi",
            "version": "==0.12.9"
        },
        "decorator": {
            "hashes": [
                "sha256:01b7922a5c46e7c2b05edf992a17d81090d9e0e49caeedca490bb1dcb67ec255",
                "sha256:5ad0c10fad31648cffa15ee0640eee04bbb1b843a02de26ad3700740768cc3e1"
            ],
            "index": "pypi",
            "version": "==4.0.4"
        },
        "ipython": {
            "hashes": [
                "sha256:2fd276c407fb0b29e5d4884a7029a2c27fef0a06fd7a34924cce69b7cc43f4da",
                "sha256:56c047c989aeec6685ee2a8b25c07ecdca042a23749e6ea23cfb194844e157bc",
                "sha256:5a794c7734494cf8536a67d509cf1443f4e5488837a27c2c5b348d84059147c1",
                "sha256:9541ce679e51ebbd0dbd3226cb434cc3ac9321b52f03badad2975f60d6c9f0ba"
            ],
            "index": "pypi",
            "version": "==4.0.0"
        },
        "ipython-genutils": {
            "hashes": [
                "sha256:0c43fa84e93ad0e4dbecaffc6656ac1caf1a48359b2bb0a5da3af84164e3f49b",
                "sha256:3a0624a251a26463c9dfa0ffa635ec51c4265380980d9a50d65611c3c2bd82a6",
                "sha256:6218e9abd612fb5acfb175ea7c7b026006de4df9691d9a73c9b390cfa1a41c2b"
            ],
            "index": "pypi",
            "version": "==0.1.0"
        },
        "jinja2": {
            "hashes": [
                "sha256:74c935a1b8bb9a3947c50a54766a969d4846290e1e788ea44c1392163723c3bd",
                "sha256:f84be1bb0040caca4cea721fcbbbbd61f9be9464ca236387158b0feea01914a4"
            ],
            "index": "pypi",
            "version": "==2.10"
        },
        "markupsafe": {
            "hashes": [
                "sha256:a4ec1aff59b95a14b45eb2e23761a0179e98319da5a7eb76b56ea8cdc7b871c3"
            ],
            "index": "pypi",
            "version": "==0.23"
        },
        "path.py": {
            "hashes": [
                "sha256:486d9c17f3a41285facf41346f3799e774d7d0dfb600a5ab619806e6eadcf072",
                "sha256:ada95d117c4559abe64080961daf5badda68561afdd34c278f8ca20f2fa466d2"
            ],
            "index": "pypi",
            "version": "==8.1.2"
        },
        "pexpect": {
            "hashes": [
                "sha256:232795ebcaaf2e120396dbbaa3a129eda51757eeaae1911558f4ef8ee414fc6c"
            ],
            "index": "pypi",
            "version": "==4.0.1"
        },
        "pickleshare": {
            "hashes": [
                "sha256:c0be5745035d437dbf55a96f60b7712345b12423f7d0951bd7d8dc2141ca9286"
            ],
            "index": "pypi",
            "version": "==0.5"
        },
        "ptyprocess": {
            "hashes": [
                "sha256:dcb78fb2197b49ca1b7b2f37b047bc89c0da7a90f90bd5bc17c3ce388bb6ef59"
            ],
            "index": "pypi",
            "version": "==0.5"
        },
        "simplegeneric": {
            "hashes": [
                "sha256:dc972e06094b9af5b855b3df4a646395e43d1c9d0d39ed345b7393560d0b9173"
            ],
            "index": "pypi",
            "version": "==0.8.1"
        },
        "sqlalchemy": {
            "hashes": [
                "sha256:11ead7047ff3f394ed0d4b62aded6c5d970a9b718e1dc6add9f5e79442cc5b14"
            ],
            "index": "pypi",
            "version": "==1.3.0"
        },
        "traitlets": {
            "hashes": [
                "sha256:0b140b4a94a4f1951887d9bce4650da211f79600fc9fdb422acc90c5bbe0233b",
                "sha256:5461707171e0f3c500c90eedef87d41e72a682da4894686d71825e16c824909d"
            ],
            "index": "pypi",
            "version": "==4.0.0"
        }
    },
    "develop": {}
}
